lockfileVersion: '9.0'

settings:
  autoInstallPeers: true
  excludeLinksFromLockfile: false

importers:

  .:
    dependencies:
      fast-xml-parser:
        specifier: ^5.7.2
        version: 5.7.2
      playwright:
        specifier: ^1.59.1
        version: 1.59.1

packages:

  '@nodable/entities@2.1.0':
    resolution: {integrity: sha512-nyT7T3nbMyBI/lvr6L5TyWbFJAI9FTgVRakNoBqCD+PmID8DzFrrNdLLtHMwMszOtqZa8PAOV24ZqDnQrhQINA==}

  fast-xml-builder@1.1.5:
    resolution: {integrity: sha512-4TJn/8FKLeslLAH3dnohXqE3QSoxkhvaMzepOIZytwJXZO69Bfz0HBdDHzOTOon6G59Zrk6VQ2bEiv1t61rfkA==}

  fast-xml-parser@5.7.2:
    resolution: {integrity: sha512-P7oW7tLbYnhOLQk/Gv7cZgzgMPP/XN03K02/Jy6Y/NHzyIAIpxuZIM/YqAkfiXFPxA2CTm7NtCijK9EDu09u2w==}
    hasBin: true

  fsevents@2.3.2:
    resolution: {integrity: sha512-xiqMQR4xAeHTuB9uWm+fFRcIOgKBMiOBP+eXiyT7jsgVCq1bkVygt00oASowB7EdtpOHaaPgKt812P9ab+DDKA==}
    engines: {node: ^8.16.0 || ^10.6.0 || >=11.0.0}
    os: [darwin]

  path-expression-matcher@1.5.0:
    resolution: {integrity: sha512-cbrerZV+6rvdQrrD+iGMcZFEiiSrbv9Tfdkvnusy6y0x0GKBXREFg/Y65GhIfm0tnLntThhzCnfKwp1WRjeCyQ==}
    engines: {node: '>=14.0.0'}

  playwright-core@1.59.1:
    resolution: {integrity: sha512-HBV/RJg81z5BiiZ9yPzIiClYV/QMsDCKUyogwH9p3MCP6IYjUFu/MActgYAvK0oWyV9NlwM3GLBjADyWgydVyg==}
    engines: {node: '>=18'}
    hasBin: true

  playwright@1.59.1:
    resolution: {integrity: sha512-C8oWjPR3F81yljW9o5OxcWzfh6avkVwDD2VYdwIGqTkl+OGFISgypqzfu7dOe4QNLL2aqcWBmI3PMtLIK233lw==}
    engines: {node: '>=18'}
    hasBin: true

  strnum@2.2.3:
    resolution: {integrity: sha512-oKx6RUCuHfT3oyVjtnrmn19H1SiCqgJSg+54XqURKp5aCMbrXrhLjRN9TjuwMjiYstZ0MzDrHqkGZ5dFTKd+zg==}

snapshots:

  '@nodable/entities@2.1.0': {}

  fast-xml-builder@1.1.5:
    dependencies:
      path-expression-matcher: 1.5.0

  fast-xml-parser@5.7.2:
    dependencies:
      '@nodable/entities': 2.1.0
      fast-xml-builder: 1.1.5
      path-expression-matcher: 1.5.0
      strnum: 2.2.3

  fsevents@2.3.2:
    optional: true

  path-expression-matcher@1.5.0: {}

  playwright-core@1.59.1: {}

  playwright@1.59.1:
    dependencies:
      playwright-core: 1.59.1
    optionalDependencies:
      fsevents: 2.3.2

  strnum@2.2.3: {}
